Lr! D�CDD�R3�91!4�!!H,@�D@�-���yhrG���jx.���u���ܢ���]�z�"�}9�z޲�oy�m��?�����k�&��� r��jx.���u���ܢ����(���]�78��7sV���u��w���v�Wv���m�z�^���zw"zƣ��4r$�֫�M��;:�K(���f�Ӟ���j��z�"���隶',ӝwjx.���u����r�j؜�Ny��슉��]�z�%��a��l��ނ+-�,��zd��&���V��ׯ�+��^��br����!zf���>ӝw��{�:�:��u��Ӟ:㖺���vu�uyםz��u�܉���j��z�"��(��9�z�δѶ�z_�m�ޗMu��슉��Z޲�oy�m��?�����k�&��� r��m�ޗ��k7����m�ޗ�5��3��sO��}�o^�ӆ�{w�]9��ݷ���^��br�ڞ�j�9����*'ӝw��(�����i���z����j��(���隶',���V���ڞ�j���]�7��������w<�^㾜������~xm�^���zw"zƧ��Z��^�H���+{Nuݩ�V��ׯ�+��^��br�9�{r���*m